
Microsoft Visual Studio Solution File, Format Version 12.00
# Visual Studio 14
VisualStudioVersion = 14.0.25420.1
MinimumVisualStudioVersion = 10.0.40219.1
Project("{FAE04EC0-301F-11D3-BF4B-00C04F79EFBC}") = "06_PrimeChecker", "06_PrimeChecker\06_PrimeChecker.csproj", "{B50FC905-64BD-4ECC-990A-DBE3FC2F4EFB}"
EndProject
Global
	GlobalSection(SolutionConfigurationPlatforms) = preSolution
		Debug|Any CPU = Debug|Any CPU
		Release|Any CPU = Release|Any CPU
	EndGlobalSection
	GlobalSection(ProjectConfigurationPlatforms) = postSolution
		{B50FC905-64BD-4ECC-990A-DBE3FC2F4EFB}.Debug|Any CPU.ActiveCfg = Debug|Any CPU
		{B50FC905-64BD-4ECC-990A-DBE3FC2F4EFB}.Debug|Any CPU.Build.0 = Debug|Any CPU
		{B50FC905-64BD-4ECC-990A-DBE3FC2F4EFB}.Release|Any CPU.ActiveCfg = Release|Any CPU
		{B50FC905-64BD-4ECC-990A-DBE3FC2F4EFB}.Release|Any CPU.Build.0 = Release|Any CPU
	EndGlobalSection
	GlobalSection(SolutionProperties) = preSolution
		HideSolutionNode = FALSE
	EndGlobalSection
EndGlobal
